{
  "nodes": {
    "nixpkgs": {
      "locked": {
        "lastModified": 1630248577,
        "narHash": "sha256-9d/yq96TTrnF7qjA6wPYk+rYjWAXwfUmwk3qewezSeg=",
        "owner": "NixOS",
        "repo": "nixpkgs",
        "rev": "8d8a28b47b7c41aeb4ad01a2bd8b7d26986c3512",
        "type": "github"
      },
      "original": {
        "id": "nixpkgs",
        "ref": "nixos-unstable",
        "type": "indirect"
      }
    },
    "nmd": {
      "flake": false,
      "locked": {
        "lastModified": 1591526120,
        "narHash": "sha256-srJ+qub7TdhBwQxnjDYY5qc/3180XG616u7Ft/a0vOI=",
        "owner": "rycee",
        "repo": "nmd",
        "rev": "f204dd1e1033c891a00ae53ae29bc275c68e54dd",
        "type": "gitlab"
      },
      "original": {
        "owner": "rycee",
        "repo": "nmd",
        "type": "gitlab"
      }
    },
    "root": {
      "inputs": {
        "nixpkgs": "nixpkgs",
        "nmd": "nmd"
      }
    }
  },
  "root": "root",
  "version": 7
}
